
Microsoft Visual Studio Solution File, Format Version 12.00
# Visual Studio 2013
VisualStudioVersion = 12.0.21005.1
MinimumVisualStudioVersion = 10.0.40219.1
Project("{FAE04EC0-301F-11D3-BF4B-00C04F79EFBC}") = "lecture5", "lecture5\lecture5.csproj", "{B749B398-BAA6-46B1-925E-11983C60058F}"
EndProject
Global
	GlobalSection(SolutionConfigurationPlatforms) = preSolution
		Debug|Any CPU = Debug|Any CPU
		Release|Any CPU = Release|Any CPU
	EndGlobalSection
	GlobalSection(ProjectConfigurationPlatforms) = postSolution
		{B749B398-BAA6-46B1-925E-11983C60058F}.Debug|Any CPU.ActiveCfg = Debug|Any CPU
		{B749B398-BAA6-46B1-925E-11983C60058F}.Debug|Any CPU.Build.0 = Debug|Any CPU
		{B749B398-BAA6-46B1-925E-11983C60058F}.Release|Any CPU.ActiveCfg = Release|Any CPU
		{B749B398-BAA6-46B1-925E-11983C60058F}.Release|Any CPU.Build.0 = Release|Any CPU
	EndGlobalSection
	GlobalSection(SolutionProperties) = preSolution
		HideSolutionNode = FALSE
	EndGlobalSection
EndGlobal
